
Microsoft Visual Studio Solution File, Format Version 12.00
# Visual Studio Version 17
VisualStudioVersion = 17.3.32922.545
MinimumVisualStudioVersion = 10.0.40219.1
Project("{FAE04EC0-301F-11D3-BF4B-00C04F79EFBC}") = "WebApi", "WebApi\WebApi.csproj", "{2D6A4F37-0C3B-43FF-9A4E-133EAD0200BE}"
EndProject
Project("{FAE04EC0-301F-11D3-BF4B-00C04F79EFBC}") = "WashMVC", "WashMVC\WashMVC.csproj", "{166FA5DA-68A3-4362-9417-C45D0FB1FADB}"
EndProject
Global
	GlobalSection(SolutionConfigurationPlatforms) = preSolution
		Debug|Any CPU = Debug|Any CPU
		Release|Any CPU = Release|Any CPU
	EndGlobalSection
	GlobalSection(ProjectConfigurationPlatforms) = postSolution
		{2D6A4F37-0C3B-43FF-9A4E-133EAD0200BE}.Debug|Any CPU.ActiveCfg = Debug|Any CPU
		{2D6A4F37-0C3B-43FF-9A4E-133EAD0200BE}.Debug|Any CPU.Build.0 = Debug|Any CPU
		{2D6A4F37-0C3B-43FF-9A4E-133EAD0200BE}.Release|Any CPU.ActiveCfg = Release|Any CPU
		{2D6A4F37-0C3B-43FF-9A4E-133EAD0200BE}.Release|Any CPU.Build.0 = Release|Any CPU
		{166FA5DA-68A3-4362-9417-C45D0FB1FADB}.Debug|Any CPU.ActiveCfg = Debug|Any CPU
		{166FA5DA-68A3-4362-9417-C45D0FB1FADB}.Debug|Any CPU.Build.0 = Debug|Any CPU
		{166FA5DA-68A3-4362-9417-C45D0FB1FADB}.Release|Any CPU.ActiveCfg = Release|Any CPU
		{166FA5DA-68A3-4362-9417-C45D0FB1FADB}.Release|Any CPU.Build.0 = Release|Any CPU
	EndGlobalSection
	GlobalSection(SolutionProperties) = preSolution
		HideSolutionNode = FALSE
	EndGlobalSection
	GlobalSection(ExtensibilityGlobals) = postSolution
		SolutionGuid = {C26EE374-2AB2-417A-B36C-CD038D210632}
	EndGlobalSection
EndGlobal
